
Microsoft Visual Studio Solution File, Format Version 12.00
# Visual Studio Version 17
VisualStudioVersion = 17.4.33213.308
MinimumVisualStudioVersion = 10.0.40219.1
Project("{FAE04EC0-301F-11D3-BF4B-00C04F79EFBC}") = "UpdatePricesInOrders_Interface", "UpdatePricesInOrders_Interface\UpdatePricesInOrders_Interface.csproj", "{4DD2E0F4-286F-412D-A2CE-8A17C9AF1B2E}"
EndProject
Global
	GlobalSection(SolutionConfigurationPlatforms) = preSolution
		Debug|Any CPU = Debug|Any CPU
		Debug|x64 = Debug|x64
		Debug|x86 = Debug|x86
		Release|Any CPU = Release|Any CPU
		Release|x64 = Release|x64
		Release|x86 = Release|x86
	EndGlobalSection
	GlobalSection(ProjectConfigurationPlatforms) = postSolution
		{4DD2E0F4-286F-412D-A2CE-8A17C9AF1B2E}.Debug|Any CPU.ActiveCfg = Debug|Any CPU
		{4DD2E0F4-286F-412D-A2CE-8A17C9AF1B2E}.Debug|Any CPU.Build.0 = Debug|Any CPU
		{4DD2E0F4-286F-412D-A2CE-8A17C9AF1B2E}.Debug|x64.ActiveCfg = Debug|x64
		{4DD2E0F4-286F-412D-A2CE-8A17C9AF1B2E}.Debug|x64.Build.0 = Debug|x64
		{4DD2E0F4-286F-412D-A2CE-8A17C9AF1B2E}.Debug|x86.ActiveCfg = Debug|x86
		{4DD2E0F4-286F-412D-A2CE-8A17C9AF1B2E}.Debug|x86.Build.0 = Debug|x86
		{4DD2E0F4-286F-412D-A2CE-8A17C9AF1B2E}.Release|Any CPU.ActiveCfg = Release|Any CPU
		{4DD2E0F4-286F-412D-A2CE-8A17C9AF1B2E}.Release|Any CPU.Build.0 = Release|Any CPU
		{4DD2E0F4-286F-412D-A2CE-8A17C9AF1B2E}.Release|x64.ActiveCfg = Release|x64
		{4DD2E0F4-286F-412D-A2CE-8A17C9AF1B2E}.Release|x64.Build.0 = Release|x64
		{4DD2E0F4-286F-412D-A2CE-8A17C9AF1B2E}.Release|x86.ActiveCfg = Release|x86
		{4DD2E0F4-286F-412D-A2CE-8A17C9AF1B2E}.Release|x86.Build.0 = Release|x86
	EndGlobalSection
	GlobalSection(SolutionProperties) = preSolution
		HideSolutionNode = FALSE
	EndGlobalSection
	GlobalSection(ExtensibilityGlobals) = postSolution
		SolutionGuid = {AB61FB72-1B5E-492D-86B6-98CA43CD7040}
	EndGlobalSection
EndGlobal
